{
  "name": "wxapp",
  "version": "1.0.0",
  "lockfileVersion": 1,
  "requires": true,
  "dependencies": {
    "miniprograms-navigation-bar": {
      "version": "2.0.2",
      "resolved": "http://artifactory.intra.xiaojukeji.com:80/artifactory/api/npm/npm/miniprograms-navigation-bar/download/miniprograms-navigation-bar-2.0.2.tgz",
      "integrity": "sha1-sdGgP+s+hsjivIg36hxdzucHPD4="
    },
    "vant-weapp": {
      "version": "0.5.20",
      "resolved": "https://registry.npmjs.org/vant-weapp/-/vant-weapp-0.5.20.tgz",
      "integrity": "sha512-/wKZeb9Ke/g0ti45WgIAI+2ZADtgwcRrZ42yP6ODnFFP6csffJcJtFvt69TN3BTVU7bNMiSqlUpT5QGasCtlNg=="
    },
    "weui-miniprogram": {
      "version": "1.0.3",
      "resolved": "http://artifactory.intra.xiaojukeji.com:80/artifactory/api/npm/npm/weui-miniprogram/download/weui-miniprogram-1.0.3.tgz",
      "integrity": "sha1-PaW95Vp0pA0J/NqbSd/nZdp5HYM="
    }
  }
}
